
Microsoft Visual Studio Solution File, Format Version 12.00
# Visual Studio 15
VisualStudioVersion = 15.0.27130.2036
MinimumVisualStudioVersion = 10.0.40219.1
Project("{FAE04EC0-301F-11D3-BF4B-00C04F79EFBC}") = "PredictionModel", "PredictionModel\PredictionModel.csproj", "{FEF5B63A-5330-4218-A582-A0471403D04B}"
EndProject
Global
	GlobalSection(SolutionConfigurationPlatforms) = preSolution
		Debug|Any CPU = Debug|Any CPU
		Release|Any CPU = Release|Any CPU
	EndGlobalSection
	GlobalSection(ProjectConfigurationPlatforms) = postSolution
		{FEF5B63A-5330-4218-A582-A0471403D04B}.Debug|Any CPU.ActiveCfg = Debug|Any CPU
		{FEF5B63A-5330-4218-A582-A0471403D04B}.Debug|Any CPU.Build.0 = Debug|Any CPU
		{FEF5B63A-5330-4218-A582-A0471403D04B}.Release|Any CPU.ActiveCfg = Release|Any CPU
		{FEF5B63A-5330-4218-A582-A0471403D04B}.Release|Any CPU.Build.0 = Release|Any CPU
	EndGlobalSection
	GlobalSection(SolutionProperties) = preSolution
		HideSolutionNode = FALSE
	EndGlobalSection
	GlobalSection(ExtensibilityGlobals) = postSolution
		SolutionGuid = {85E11AF5-15CB-4EBE-A0C5-835502D70046}
	EndGlobalSection
EndGlobal
